
Microsoft Visual Studio Solution File, Format Version 12.00
# Visual Studio Version 17
VisualStudioVersion = 17.0.31903.59
MinimumVisualStudioVersion = 10.0.40219.1
Project("{2150E333-8FDC-42A3-9474-1A3956D46DE8}") = "src", "src", "{61B86E1F-55EB-44B6-B809-2670F6CCAF30}"
EndProject
Project("{FAE04EC0-301F-11D3-BF4B-00C04F79EFBC}") = "ZoomCheck.Core", "src\ZoomCheck.Core\ZoomCheck.Core.csproj", "{0E6BF6BD-FC6C-47C0-9612-BEC478C9B331}"
EndProject
Project("{FAE04EC0-301F-11D3-BF4B-00C04F79EFBC}") = "ZoomCheck.Infrastructure", "src\ZoomCheck.Infrastructure\ZoomCheck.Infrastructure.csproj", "{33B1380C-F6C6-4712-B698-33B5DDA1C869}"
EndProject
Project("{FAE04EC0-301F-11D3-BF4B-00C04F79EFBC}") = "ZoomCheck.Backend", "src\ZoomCheck.Backend\ZoomCheck.Backend.csproj", "{BE42EB08-5A83-4029-9A7B-C6EAF6CE5ADE}"
EndProject
Project("{FAE04EC0-301F-11D3-BF4B-00C04F79EFBC}") = "ZoomCheck.Tests", "tests\ZoomCheck.Tests\ZoomCheck.Tests.csproj", "{7BC8A614-BE6D-43C0-8A76-4F9D87FC062E}"
EndProject
Project("{FAE04EC0-301F-11D3-BF4B-00C04F79EFBC}") = "ZoomCheck.Relay.Contracts", "src\ZoomCheck.Relay.Contracts\ZoomCheck.Relay.Contracts.csproj", "{183E0DD8-E531-4CA0-BF4E-3E1BE72F32D9}"
EndProject
Project("{FAE04EC0-301F-11D3-BF4B-00C04F79EFBC}") = "ZoomCheck.Relay", "src\ZoomCheck.Relay\ZoomCheck.Relay.csproj", "{7E874F92-97C6-4785-8C25-94A27021C33D}"
EndProject
Project("{FAE04EC0-301F-11D3-BF4B-00C04F79EFBC}") = "ZoomCheck.Relay.Tests", "tests\ZoomCheck.Relay.Tests\ZoomCheck.Relay.Tests.csproj", "{6E4918D8-2B83-4FAA-AC5C-F39310F3F896}"
EndProject
Project("{2150E333-8FDC-42A3-9474-1A3956D46DE8}") = "tests", "tests", "{75869245-6D1E-4839-B200-584249D510DD}"
EndProject
Project("{FAE04EC0-301F-11D3-BF4B-00C04F79EFBC}") = "ZoomCheck.Core.Tests", "tests\ZoomCheck.Core.Tests\ZoomCheck.Core.Tests.csproj", "{CA493693-3180-4918-A5FE-E1F0B92EEDAE}"
EndProject
Project("{FAE04EC0-301F-11D3-BF4B-00C04F79EFBC}") = "ZoomCheck.Infrastructure.Tests", "tests\ZoomCheck.Infrastructure.Tests\ZoomCheck.Infrastructure.Tests.csproj", "{473B745B-2CA6-4F87-82CD-08F7C4B29A58}"
EndProject
Project("{FAE04EC0-301F-11D3-BF4B-00C04F79EFBC}") = "ZoomCheck.Backend.Tests", "tests\ZoomCheck.Backend.Tests\ZoomCheck.Backend.Tests.csproj", "{40927287-FB2D-4CA5-94BE-5117E5773F1B}"
EndProject
Global
	GlobalSection(SolutionConfigurationPlatforms) = preSolution
		Debug|Any CPU = Debug|Any CPU
		Release|Any CPU = Release|Any CPU
	EndGlobalSection
	GlobalSection(SolutionProperties) = preSolution
		HideSolutionNode = FALSE
	EndGlobalSection
	GlobalSection(ProjectConfigurationPlatforms) = postSolution
		{0E6BF6BD-FC6C-47C0-9612-BEC478C9B331}.Debug|Any CPU.ActiveCfg = Debug|Any CPU
		{0E6BF6BD-FC6C-47C0-9612-BEC478C9B331}.Debug|Any CPU.Build.0 = Debug|Any CPU
		{0E6BF6BD-FC6C-47C0-9612-BEC478C9B331}.Release|Any CPU.ActiveCfg = Release|Any CPU
		{0E6BF6BD-FC6C-47C0-9612-BEC478C9B331}.Release|Any CPU.Build.0 = Release|Any CPU
		{33B1380C-F6C6-4712-B698-33B5DDA1C869}.Debug|Any CPU.ActiveCfg = Debug|Any CPU
		{33B1380C-F6C6-4712-B698-33B5DDA1C869}.Debug|Any CPU.Build.0 = Debug|Any CPU
		{33B1380C-F6C6-4712-B698-33B5DDA1C869}.Release|Any CPU.ActiveCfg = Release|Any CPU
		{33B1380C-F6C6-4712-B698-33B5DDA1C869}.Release|Any CPU.Build.0 = Release|Any CPU
		{BE42EB08-5A83-4029-9A7B-C6EAF6CE5ADE}.Debug|Any CPU.ActiveCfg = Debug|Any CPU
		{BE42EB08-5A83-4029-9A7B-C6EAF6CE5ADE}.Debug|Any CPU.Build.0 = Debug|Any CPU
		{BE42EB08-5A83-4029-9A7B-C6EAF6CE5ADE}.Release|Any CPU.ActiveCfg = Release|Any CPU
		{BE42EB08-5A83-4029-9A7B-C6EAF6CE5ADE}.Release|Any CPU.Build.0 = Release|Any CPU
		{7BC8A614-BE6D-43C0-8A76-4F9D87FC062E}.Debug|Any CPU.ActiveCfg = Debug|Any CPU
		{7BC8A614-BE6D-43C0-8A76-4F9D87FC062E}.Debug|Any CPU.Build.0 = Debug|Any CPU
		{7BC8A614-BE6D-43C0-8A76-4F9D87FC062E}.Release|Any CPU.ActiveCfg = Release|Any CPU
		{7BC8A614-BE6D-43C0-8A76-4F9D87FC062E}.Release|Any CPU.Build.0 = Release|Any CPU
		{183E0DD8-E531-4CA0-BF4E-3E1BE72F32D9}.Debug|Any CPU.ActiveCfg = Debug|Any CPU
		{183E0DD8-E531-4CA0-BF4E-3E1BE72F32D9}.Debug|Any CPU.Build.0 = Debug|Any CPU
		{183E0DD8-E531-4CA0-BF4E-3E1BE72F32D9}.Release|Any CPU.ActiveCfg = Release|Any CPU
		{183E0DD8-E531-4CA0-BF4E-3E1BE72F32D9}.Release|Any CPU.Build.0 = Release|Any CPU
		{7E874F92-97C6-4785-8C25-94A27021C33D}.Debug|Any CPU.ActiveCfg = Debug|Any CPU
		{7E874F92-97C6-4785-8C25-94A27021C33D}.Debug|Any CPU.Build.0 = Debug|Any CPU
		{7E874F92-97C6-4785-8C25-94A27021C33D}.Release|Any CPU.ActiveCfg = Release|Any CPU
		{7E874F92-97C6-4785-8C25-94A27021C33D}.Release|Any CPU.Build.0 = Release|Any CPU
		{6E4918D8-2B83-4FAA-AC5C-F39310F3F896}.Debug|Any CPU.ActiveCfg = Debug|Any CPU
		{6E4918D8-2B83-4FAA-AC5C-F39310F3F896}.Debug|Any CPU.Build.0 = Debug|Any CPU
		{6E4918D8-2B83-4FAA-AC5C-F39310F3F896}.Release|Any CPU.ActiveCfg = Release|Any CPU
		{6E4918D8-2B83-4FAA-AC5C-F39310F3F896}.Release|Any CPU.Build.0 = Release|Any CPU
		{CA493693-3180-4918-A5FE-E1F0B92EEDAE}.Debug|Any CPU.ActiveCfg = Debug|Any CPU
		{CA493693-3180-4918-A5FE-E1F0B92EEDAE}.Debug|Any CPU.Build.0 = Debug|Any CPU
		{CA493693-3180-4918-A5FE-E1F0B92EEDAE}.Release|Any CPU.ActiveCfg = Release|Any CPU
		{CA493693-3180-4918-A5FE-E1F0B92EEDAE}.Release|Any CPU.Build.0 = Release|Any CPU
		{473B745B-2CA6-4F87-82CD-08F7C4B29A58}.Debug|Any CPU.ActiveCfg = Debug|Any CPU
		{473B745B-2CA6-4F87-82CD-08F7C4B29A58}.Debug|Any CPU.Build.0 = Debug|Any CPU
		{473B745B-2CA6-4F87-82CD-08F7C4B29A58}.Release|Any CPU.ActiveCfg = Release|Any CPU
		{473B745B-2CA6-4F87-82CD-08F7C4B29A58}.Release|Any CPU.Build.0 = Release|Any CPU
		{40927287-FB2D-4CA5-94BE-5117E5773F1B}.Debug|Any CPU.ActiveCfg = Debug|Any CPU
		{40927287-FB2D-4CA5-94BE-5117E5773F1B}.Debug|Any CPU.Build.0 = Debug|Any CPU
		{40927287-FB2D-4CA5-94BE-5117E5773F1B}.Release|Any CPU.ActiveCfg = Release|Any CPU
		{40927287-FB2D-4CA5-94BE-5117E5773F1B}.Release|Any CPU.Build.0 = Release|Any CPU
	EndGlobalSection
	GlobalSection(NestedProjects) = preSolution
		{0E6BF6BD-FC6C-47C0-9612-BEC478C9B331} = {61B86E1F-55EB-44B6-B809-2670F6CCAF30}
		{33B1380C-F6C6-4712-B698-33B5DDA1C869} = {61B86E1F-55EB-44B6-B809-2670F6CCAF30}
		{BE42EB08-5A83-4029-9A7B-C6EAF6CE5ADE} = {61B86E1F-55EB-44B6-B809-2670F6CCAF30}
		{7BC8A614-BE6D-43C0-8A76-4F9D87FC062E} = {61B86E1F-55EB-44B6-B809-2670F6CCAF30}
		{183E0DD8-E531-4CA0-BF4E-3E1BE72F32D9} = {61B86E1F-55EB-44B6-B809-2670F6CCAF30}
		{7E874F92-97C6-4785-8C25-94A27021C33D} = {61B86E1F-55EB-44B6-B809-2670F6CCAF30}
		{6E4918D8-2B83-4FAA-AC5C-F39310F3F896} = {61B86E1F-55EB-44B6-B809-2670F6CCAF30}
		{CA493693-3180-4918-A5FE-E1F0B92EEDAE} = {75869245-6D1E-4839-B200-584249D510DD}
		{473B745B-2CA6-4F87-82CD-08F7C4B29A58} = {75869245-6D1E-4839-B200-584249D510DD}
		{40927287-FB2D-4CA5-94BE-5117E5773F1B} = {75869245-6D1E-4839-B200-584249D510DD}
	EndGlobalSection
EndGlobal
